PODS:
  - MBProgressHUD (1.0.0)

DEPENDENCIES:
  - MBProgressHUD (= 1.0.0)

SPEC REPOS:
  https://github.com/cocoapods/specs.git:
    - MBProgressHUD

SPEC CHECKSUMS:
  MBProgressHUD: 4890f671c94e8a0f3cf959aa731e9de2f036d71a

PODFILE CHECKSUM: aab3444e4ba63790fb9fe7bcabc8b7cd3b7b703d

COCOAPODS: 1.5.3
